// !$*UTF8*$!
{
	archiveVersion = 1;
	classes = {
	};
	objectVersion = 56;
	objects = {

/* Begin PBXBuildFile section */
		95ADEBF22AD3CFCC001608C0 /* AppDelegate.swift in Sources */ = {isa = PBXBuildFile; fileRef = 95ADEBF12AD3CFCC001608C0 /* AppDelegate.swift */; };
		95ADEBF42AD3CFCC001608C0 /* SceneDelegate.swift in Sources */ = {isa = PBXBuildFile; fileRef = 95ADEBF32AD3CFCC001608C0 /* SceneDelegate.swift */; };
		95ADEBF92AD3CFCC001608C0 /* Main.storyboard in Resources */ = {isa = PBXBuildFile; fileRef = 95ADEBF72AD3CFCC001608C0 /* Main.storyboard */; };
		95ADEBFC2AD3CFCC001608C0 /* LittlePink.xcdatamodeld in Sources */ = {isa = PBXBuildFile; fileRef = 95ADEBFA2AD3CFCC001608C0 /* LittlePink.xcdatamodeld */; };
		95ADEBFE2AD3CFCD001608C0 /* Assets.xcassets in Resources */ = {isa = PBXBuildFile; fileRef = 95ADEBFD2AD3CFCD001608C0 /* Assets.xcassets */; };
		95ADEC012AD3CFCD001608C0 /* LaunchScreen.storyboard in Resources */ = {isa = PBXBuildFile; fileRef = 95ADEBFF2AD3CFCD001608C0 /* LaunchScreen.storyboard */; };
		95ADEC092AD7BD4E001608C0 /* HomeVC.swift in Sources */ = {isa = PBXBuildFile; fileRef = 95ADEC082AD7BD4E001608C0 /* HomeVC.swift */; };
		95ADEC0B2AD7F6F3001608C0 /* FollowVC.swift in Sources */ = {isa = PBXBuildFile; fileRef = 95ADEC0A2AD7F6F3001608C0 /* FollowVC.swift */; };
		95ADEC0D2AD7F702001608C0 /* DiscoveryVC.swift in Sources */ = {isa = PBXBuildFile; fileRef = 95ADEC0C2AD7F702001608C0 /* DiscoveryVC.swift */; };
		95ADEC0F2AD7F711001608C0 /* NearbyVC.swift in Sources */ = {isa = PBXBuildFile; fileRef = 95ADEC0E2AD7F711001608C0 /* NearbyVC.swift */; };
		95ADEC122AD7F77E001608C0 /* Constants.swift in Sources */ = {isa = PBXBuildFile; fileRef = 95ADEC112AD7F77E001608C0 /* Constants.swift */; };
		95ADEC142AD83A27001608C0 /* HomeButtonBarView.swift in Sources */ = {isa = PBXBuildFile; fileRef = 95ADEC132AD83A27001608C0 /* HomeButtonBarView.swift */; };
		95ADEC162AD8D552001608C0 /* SelectedBarShapView.swift in Sources */ = {isa = PBXBuildFile; fileRef = 95ADEC152AD8D552001608C0 /* SelectedBarShapView.swift */; };
		95ADEC182ADBAEE9001608C0 /* WaterfallVC.swift in Sources */ = {isa = PBXBuildFile; fileRef = 95ADEC172ADBAEE9001608C0 /* WaterfallVC.swift */; };
		95ADEC1A2ADBB8C0001608C0 /* WaterfallCell.swift in Sources */ = {isa = PBXBuildFile; fileRef = 95ADEC192ADBB8C0001608C0 /* WaterfallCell.swift */; };
		CC92885AD3FF48D656B6D3AB /* Pods_LittlePink.framework in Frameworks */ = {isa = PBXBuildFile; fileRef = FE51648F1A8C395ABA4E9D83 /* Pods_LittlePink.framework */; };
/* End PBXBuildFile section */

/* Begin PBXFileReference section */
		4F3688B9C71F53A4BB7CEC4F /* Pods-LittlePink.debug.xcconfig */ = {isa = PBXFileReference; includeInIndex = 1; lastKnownFileType = text.xcconfig; name = "Pods-LittlePink.debug.xcconfig"; path = "Target Support Files/Pods-LittlePink/Pods-LittlePink.debug.xcconfig"; sourceTree = "<group>"; };
		7574E0DA3418B62C6E480C26 /* Pods-LittlePink.release.xcconfig */ = {isa = PBXFileReference; includeInIndex = 1; lastKnownFileType = text.xcconfig; name = "Pods-LittlePink.release.xcconfig"; path = "Target Support Files/Pods-LittlePink/Pods-LittlePink.release.xcconfig"; sourceTree = "<group>"; };
		95ADEBEE2AD3CFCC001608C0 /* LittlePink.app */ = {isa = PBXFileReference; explicitFileType = wrapper.application; includeInIndex = 0; path = LittlePink.app; sourceTree = BUILT_PRODUCTS_DIR; };
		95ADEBF12AD3CFCC001608C0 /* AppDelegate.swift */ = {isa = PBXFileReference; lastKnownFileType = sourcecode.swift; path = AppDelegate.swift; sourceTree = "<group>"; };
		95ADEBF32AD3CFCC001608C0 /* SceneDelegate.swift */ = {isa = PBXFileReference; lastKnownFileType = sourcecode.swift; path = SceneDelegate.swift; sourceTree = "<group>"; };
		95ADEBF82AD3CFCC001608C0 /* Base */ = {isa = PBXFileReference; lastKnownFileType = file.storyboard; name = Base; path = Base.lproj/Main.storyboard; sourceTree = "<group>"; };
		95ADEBFB2AD3CFCC001608C0 /* LittlePink.xcdatamodel */ = {isa = PBXFileReference; lastKnownFileType = wrapper.xcdatamodel; path = LittlePink.xcdatamodel; sourceTree = "<group>"; };
		95ADEBFD2AD3CFCD001608C0 /* Assets.xcassets */ = {isa = PBXFileReference; lastKnownFileType = folder.assetcatalog; path = Assets.xcassets; sourceTree = "<group>"; };
		95ADEC002AD3CFCD001608C0 /* Base */ = {isa = PBXFileReference; lastKnownFileType = file.storyboard; name = Base; path = Base.lproj/LaunchScreen.storyboard; sourceTree = "<group>"; };
		95ADEC022AD3CFCD001608C0 /* Info.plist */ = {isa = PBXFileReference; lastKnownFileType = text.plist.xml; path = Info.plist; sourceTree = "<group>"; };
		95ADEC082AD7BD4E001608C0 /* HomeVC.swift */ = {isa = PBXFileReference; lastKnownFileType = sourcecode.swift; path = HomeVC.swift; sourceTree = "<group>"; };
		95ADEC0A2AD7F6F3001608C0 /* FollowVC.swift */ = {isa = PBXFileReference; lastKnownFileType = sourcecode.swift; path = FollowVC.swift; sourceTree = "<group>"; };
		95ADEC0C2AD7F702001608C0 /* DiscoveryVC.swift */ = {isa = PBXFileReference; lastKnownFileType = sourcecode.swift; path = DiscoveryVC.swift; sourceTree = "<group>"; };
		95ADEC0E2AD7F711001608C0 /* NearbyVC.swift */ = {isa = PBXFileReference; lastKnownFileType = sourcecode.swift; path = NearbyVC.swift; sourceTree = "<group>"; };
		95ADEC112AD7F77E001608C0 /* Constants.swift */ = {isa = PBXFileReference; lastKnownFileType = sourcecode.swift; path = Constants.swift; sourceTree = "<group>"; };
		95ADEC132AD83A27001608C0 /* HomeButtonBarView.swift */ = {isa = PBXFileReference; lastKnownFileType = sourcecode.swift; path = HomeButtonBarView.swift; sourceTree = "<group>"; };
		95ADEC152AD8D552001608C0 /* SelectedBarShapView.swift */ = {isa = PBXFileReference; lastKnownFileType = sourcecode.swift; path = SelectedBarShapView.swift; sourceTree = "<group>"; };
		95ADEC172ADBAEE9001608C0 /* WaterfallVC.swift */ = {isa = PBXFileReference; lastKnownFileType = sourcecode.swift; path = WaterfallVC.swift; sourceTree = "<group>"; };
		95ADEC192ADBB8C0001608C0 /* WaterfallCell.swift */ = {isa = PBXFileReference; lastKnownFileType = sourcecode.swift; path = WaterfallCell.swift; sourceTree = "<group>"; };
		FE51648F1A8C395ABA4E9D83 /* Pods_LittlePink.framework */ = {isa = PBXFileReference; explicitFileType = wrapper.framework; includeInIndex = 0; path = Pods_LittlePink.framework; sourceTree = BUILT_PRODUCTS_DIR; };
/* End PBXFileReference section */

/* Begin PBXFrameworksBuildPhase section */
		95ADEBEB2AD3CFCC001608C0 /* Frameworks */ = {
			isa = PBXFrameworksBuildPhase;
			buildActionMask = 2147483647;
			files = (
				CC92885AD3FF48D656B6D3AB /* Pods_LittlePink.framework in Frameworks */,
			);
			runOnlyForDeploymentPostprocessing = 0;
		};
/* End PBXFrameworksBuildPhase section */

/* Begin PBXGroup section */
		1E71056C920F6C60ACA49C44 /* Pods */ = {
			isa = PBXGroup;
			children = (
				4F3688B9C71F53A4BB7CEC4F /* Pods-LittlePink.debug.xcconfig */,
				7574E0DA3418B62C6E480C26 /* Pods-LittlePink.release.xcconfig */,
			);
			path = Pods;
			sourceTree = "<group>";
		};
		95ADEBE52AD3CFCC001608C0 = {
			isa = PBXGroup;
			children = (
				95ADEBF02AD3CFCC001608C0 /* LittlePink */,
				95ADEBEF2AD3CFCC001608C0 /* Products */,
				1E71056C920F6C60ACA49C44 /* Pods */,
				A430A33E2883047A7FD81D5F /* Frameworks */,
			);
			sourceTree = "<group>";
		};
		95ADEBEF2AD3CFCC001608C0 /* Products */ = {
			isa = PBXGroup;
			children = (
				95ADEBEE2AD3CFCC001608C0 /* LittlePink.app */,
			);
			name = Products;
			sourceTree = "<group>";
		};
		95ADEBF02AD3CFCC001608C0 /* LittlePink */ = {
			isa = PBXGroup;
			children = (
				95ADEBF12AD3CFCC001608C0 /* AppDelegate.swift */,
				95ADEBF32AD3CFCC001608C0 /* SceneDelegate.swift */,
				95ADEC112AD7F77E001608C0 /* Constants.swift */,
				95ADEC172ADBAEE9001608C0 /* WaterfallVC.swift */,
				95ADEC192ADBB8C0001608C0 /* WaterfallCell.swift */,
				95ADEC102AD7F758001608C0 /* Home */,
				95ADEBFD2AD3CFCD001608C0 /* Assets.xcassets */,
				95ADEBF72AD3CFCC001608C0 /* Main.storyboard */,
				95ADEBFF2AD3CFCD001608C0 /* LaunchScreen.storyboard */,
				95ADEC022AD3CFCD001608C0 /* Info.plist */,
				95ADEBFA2AD3CFCC001608C0 /* LittlePink.xcdatamodeld */,
			);
			path = LittlePink;
			sourceTree = "<group>";
		};
		95ADEC102AD7F758001608C0 /* Home */ = {
			isa = PBXGroup;
			children = (
				95ADEC082AD7BD4E001608C0 /* HomeVC.swift */,
				95ADEC0C2AD7F702001608C0 /* DiscoveryVC.swift */,
				95ADEC0A2AD7F6F3001608C0 /* FollowVC.swift */,
				95ADEC0E2AD7F711001608C0 /* NearbyVC.swift */,
				95ADEC132AD83A27001608C0 /* HomeButtonBarView.swift */,
				95ADEC152AD8D552001608C0 /* SelectedBarShapView.swift */,
			);
			path = Home;
			sourceTree = "<group>";
		};
		A430A33E2883047A7FD81D5F /* Frameworks */ = {
			isa = PBXGroup;
			children = (
				FE51648F1A8C395ABA4E9D83 /* Pods_LittlePink.framework */,
			);
			name = Frameworks;
			sourceTree = "<group>";
		};
/* End PBXGroup section */

/* Begin PBXNativeTarget section */
		95ADEBED2AD3CFCC001608C0 /* LittlePink */ = {
			isa = PBXNativeTarget;
			buildConfigurationList = 95ADEC052AD3CFCD001608C0 /* Build configuration list for PBXNativeTarget "LittlePink" */;
			buildPhases = (
				1886F7F5F318268CC97485C0 /* [CP] Check Pods Manifest.lock */,
				95ADEBEA2AD3CFCC001608C0 /* Sources */,
				95ADEBEB2AD3CFCC001608C0 /* Frameworks */,
				95ADEBEC2AD3CFCC001608C0 /* Resources */,
				05513ABAB916AC4B1B26E01D /* [CP] Embed Pods Frameworks */,
			);
			buildRules = (
			);
			dependencies = (
			);
			name = LittlePink;
			productName = LittlePink;
			productReference = 95ADEBEE2AD3CFCC001608C0 /* LittlePink.app */;
			productType = "com.apple.product-type.application";
		};
/* End PBXNativeTarget section */

/* Begin PBXProject section */
		95ADEBE62AD3CFCC001608C0 /* Project object */ = {
			isa = PBXProject;
			attributes = {
				BuildIndependentTargetsInParallel = 1;
				LastSwiftUpdateCheck = 1430;
				LastUpgradeCheck = 1430;
				TargetAttributes = {
					95ADEBED2AD3CFCC001608C0 = {
						CreatedOnToolsVersion = 14.3.1;
					};
				};
			};
			buildConfigurationList = 95ADEBE92AD3CFCC001608C0 /* Build configuration list for PBXProject "LittlePink" */;
			compatibilityVersion = "Xcode 14.0";
			developmentRegion = en;
			hasScannedForEncodings = 0;
			knownRegions = (
				en,
				Base,
			);
			mainGroup = 95ADEBE52AD3CFCC001608C0;
			productRefGroup = 95ADEBEF2AD3CFCC001608C0 /* Products */;
			projectDirPath = "";
			projectRoot = "";
			targets = (
				95ADEBED2AD3CFCC001608C0 /* LittlePink */,
			);
		};
/* End PBXProject section */

/* Begin PBXResourcesBuildPhase section */
		95ADEBEC2AD3CFCC001608C0 /* Resources */ = {
			isa = PBXResourcesBuildPhase;
			buildActionMask = 2147483647;
			files = (
				95ADEC012AD3CFCD001608C0 /* LaunchScreen.storyboard in Resources */,
				95ADEBFE2AD3CFCD001608C0 /* Assets.xcassets in Resources */,
				95ADEBF92AD3CFCC001608C0 /* Main.storyboard in Resources */,
			);
			runOnlyForDeploymentPostprocessing = 0;
		};
/* End PBXResourcesBuildPhase section */

/* Begin PBXShellScriptBuildPhase section */
		05513ABAB916AC4B1B26E01D /* [CP] Embed Pods Frameworks */ = {
			isa = PBXShellScriptBuildPhase;
			buildActionMask = 2147483647;
			files = (
			);
			inputFileListPaths = (
				"${PODS_ROOT}/Target Support Files/Pods-LittlePink/Pods-LittlePink-frameworks-${CONFIGURATION}-input-files.xcfilelist",
			);
			name = "[CP] Embed Pods Frameworks";
			outputFileListPaths = (
				"${PODS_ROOT}/Target Support Files/Pods-LittlePink/Pods-LittlePink-frameworks-${CONFIGURATION}-output-files.xcfilelist",
			);
			runOnlyForDeploymentPostprocessing = 0;
			shellPath = /bin/sh;
			shellScript = "\"${PODS_ROOT}/Target Support Files/Pods-LittlePink/Pods-LittlePink-frameworks.sh\"\n";
			showEnvVarsInLog = 0;
		};
		1886F7F5F318268CC97485C0 /* [CP] Check Pods Manifest.lock */ = {
			isa = PBXShellScriptBuildPhase;
			buildActionMask = 2147483647;
			files = (
			);
			inputFileListPaths = (
			);
			inputPaths = (
				"${PODS_PODFILE_DIR_PATH}/Podfile.lock",
				"${PODS_ROOT}/Manifest.lock",
			);
			name = "[CP] Check Pods Manifest.lock";
			outputFileListPaths = (
			);
			outputPaths = (
				"$(DERIVED_FILE_DIR)/Pods-LittlePink-checkManifestLockResult.txt",
			);
			runOnlyForDeploymentPostprocessing = 0;
			shellPath = /bin/sh;
			shellScript = "diff \"${PODS_PODFILE_DIR_PATH}/Podfile.lock\" \"${PODS_ROOT}/Manifest.lock\" > /dev/null\nif [ $? != 0 ] ; then\n    # print error to STDERR\n    echo \"error: The sandbox is not in sync with the Podfile.lock. Run 'pod install' or update your CocoaPods installation.\" >&2\n    exit 1\nfi\n# This output is used by Xcode 'outputs' to avoid re-running this script phase.\necho \"SUCCESS\" > \"${SCRIPT_OUTPUT_FILE_0}\"\n";
			showEnvVarsInLog = 0;
		};
/* End PBXShellScriptBuildPhase section */

/* Begin PBXSourcesBuildPhase section */
		95ADEBEA2AD3CFCC001608C0 /* Sources */ = {
			isa = PBXSourcesBuildPhase;
			buildActionMask = 2147483647;
			files = (
				95ADEC1A2ADBB8C0001608C0 /* WaterfallCell.swift in Sources */,
				95ADEBF22AD3CFCC001608C0 /* AppDelegate.swift in Sources */,
				95ADEC092AD7BD4E001608C0 /* HomeVC.swift in Sources */,
				95ADEC0B2AD7F6F3001608C0 /* FollowVC.swift in Sources */,
				95ADEC162AD8D552001608C0 /* SelectedBarShapView.swift in Sources */,
				95ADEC182ADBAEE9001608C0 /* WaterfallVC.swift in Sources */,
				95ADEBF42AD3CFCC001608C0 /* SceneDelegate.swift in Sources */,
				95ADEBFC2AD3CFCC001608C0 /* LittlePink.xcdatamodeld in Sources */,
				95ADEC0D2AD7F702001608C0 /* DiscoveryVC.swift in Sources */,
				95ADEC0F2AD7F711001608C0 /* NearbyVC.swift in Sources */,
				95ADEC142AD83A27001608C0 /* HomeButtonBarView.swift in Sources */,
				95ADEC122AD7F77E001608C0 /* Constants.swift in Sources */,
			);
			runOnlyForDeploymentPostprocessing = 0;
		};
/* End PBXSourcesBuildPhase section */

/* Begin PBXVariantGroup section */
		95ADEBF72AD3CFCC001608C0 /* Main.storyboard */ = {
			isa = PBXVariantGroup;
			children = (
				95ADEBF82AD3CFCC001608C0 /* Base */,
			);
			name = Main.storyboard;
			sourceTree = "<group>";
		};
		95ADEBFF2AD3CFCD001608C0 /* LaunchScreen.storyboard */ = {
			isa = PBXVariantGroup;
			children = (
				95ADEC002AD3CFCD001608C0 /* Base */,
			);
			name = LaunchScreen.storyboard;
			sourceTree = "<group>";
		};
/* End PBXVariantGroup section */

/* Begin XCBuildConfiguration section */
		95ADEC032AD3CFCD001608C0 /* Debug */ = {
			isa = XCBuildConfiguration;
			buildSettings = {
				ALWAYS_SEARCH_USER_PATHS = NO;
				CLANG_ANALYZER_NONNULL = YES;
				CLANG_ANALYZER_NUMBER_OBJECT_CONVERSION = YES_AGGRESSIVE;
				CLANG_CXX_LANGUAGE_STANDARD = "gnu++20";
				CLANG_ENABLE_MODULES = YES;
				CLANG_ENABLE_OBJC_ARC = YES;
				CLANG_ENABLE_OBJC_WEAK = YES;
				CLANG_WARN_BLOCK_CAPTURE_AUTORELEASING = YES;
				CLANG_WARN_BOOL_CONVERSION = YES;
				CLANG_WARN_COMMA = YES;
				CLANG_WARN_CONSTANT_CONVERSION = YES;
				CLANG_WARN_DEPRECATED_OBJC_IMPLEMENTATIONS = YES;
				CLANG_WARN_DIRECT_OBJC_ISA_USAGE = YES_ERROR;
				CLANG_WARN_DOCUMENTATION_COMMENTS = YES;
				CLANG_WARN_EMPTY_BODY = YES;
				CLANG_WARN_ENUM_CONVERSION = YES;
				CLANG_WARN_INFINITE_RECURSION = YES;
				CLANG_WARN_INT_CONVERSION = YES;
				CLANG_WARN_NON_LITERAL_NULL_CONVERSION = YES;
				CLANG_WARN_OBJC_IMPLICIT_RETAIN_SELF = YES;
				CLANG_WARN_OBJC_LITERAL_CONVERSION = YES;
				CLANG_WARN_OBJC_ROOT_CLASS = YES_ERROR;
				CLANG_WARN_QUOTED_INCLUDE_IN_FRAMEWORK_HEADER = YES;
				CLANG_WARN_RANGE_LOOP_ANALYSIS = YES;
				CLANG_WARN_STRICT_PROTOTYPES = YES;
				CLANG_WARN_SUSPICIOUS_MOVE = YES;
				CLANG_WARN_UNGUARDED_AVAILABILITY = YES_AGGRESSIVE;
				CLANG_WARN_UNREACHABLE_CODE = YES;
				CLANG_WARN__DUPLICATE_METHOD_MATCH = YES;
				COPY_PHASE_STRIP = NO;
				DEBUG_INFORMATION_FORMAT = dwarf;
				ENABLE_STRICT_OBJC_MSGSEND = YES;
				ENABLE_TESTABILITY = YES;
				GCC_C_LANGUAGE_STANDARD = gnu11;
				GCC_DYNAMIC_NO_PIC = NO;
				GCC_NO_COMMON_BLOCKS = YES;
				GCC_OPTIMIZATION_LEVEL = 0;
				GCC_PREPROCESSOR_DEFINITIONS = (
					"DEBUG=1",
					"$(inherited)",
				);
				GCC_WARN_64_TO_32_BIT_CONVERSION = YES;
				GCC_WARN_ABOUT_RETURN_TYPE = YES_ERROR;
				GCC_WARN_UNDECLARED_SELECTOR = YES;
				GCC_WARN_UNINITIALIZED_AUTOS = YES_AGGRESSIVE;
				GCC_WARN_UNUSED_FUNCTION = YES;
				GCC_WARN_UNUSED_VARIABLE = YES;
				IPHONEOS_DEPLOYMENT_TARGET = 16.4;
				MTL_ENABLE_DEBUG_INFO = INCLUDE_SOURCE;
				MTL_FAST_MATH = YES;
				ONLY_ACTIVE_ARCH = YES;
				SDKROOT = iphoneos;
				SWIFT_ACTIVE_COMPILATION_CONDITIONS = DEBUG;
				SWIFT_OPTIMIZATION_LEVEL = "-Onone";
			};
			name = Debug;
		};
		95ADEC042AD3CFCD001608C0 /* Release */ = {
			isa = XCBuildConfiguration;
			buildSettings = {
				ALWAYS_SEARCH_USER_PATHS = NO;
				CLANG_ANALYZER_NONNULL = YES;
				CLANG_ANALYZER_NUMBER_OBJECT_CONVERSION = YES_AGGRESSIVE;
				CLANG_CXX_LANGUAGE_STANDARD = "gnu++20";
				CLANG_ENABLE_MODULES = YES;
				CLANG_ENABLE_OBJC_ARC = YES;
				CLANG_ENABLE_OBJC_WEAK = YES;
				CLANG_WARN_BLOCK_CAPTURE_AUTORELEASING = YES;
				CLANG_WARN_BOOL_CONVERSION = YES;
				CLANG_WARN_COMMA = YES;
				CLANG_WARN_CONSTANT_CONVERSION = YES;
				CLANG_WARN_DEPRECATED_OBJC_IMPLEMENTATIONS = YES;
				CLANG_WARN_DIRECT_OBJC_ISA_USAGE = YES_ERROR;
				CLANG_WARN_DOCUMENTATION_COMMENTS = YES;
				CLANG_WARN_EMPTY_BODY = YES;
				CLANG_WARN_ENUM_CONVERSION = YES;
				CLANG_WARN_INFINITE_RECURSION = YES;
				CLANG_WARN_INT_CONVERSION = YES;
				CLANG_WARN_NON_LITERAL_NULL_CONVERSION = YES;
				CLANG_WARN_OBJC_IMPLICIT_RETAIN_SELF = YES;
				CLANG_WARN_OBJC_LITERAL_CONVERSION = YES;
				CLANG_WARN_OBJC_ROOT_CLASS = YES_ERROR;
				CLANG_WARN_QUOTED_INCLUDE_IN_FRAMEWORK_HEADER = YES;
				CLANG_WARN_RANGE_LOOP_ANALYSIS = YES;
				CLANG_WARN_STRICT_PROTOTYPES = YES;
				CLANG_WARN_SUSPICIOUS_MOVE = YES;
				CLANG_WARN_UNGUARDED_AVAILABILITY = YES_AGGRESSIVE;
				CLANG_WARN_UNREACHABLE_CODE = YES;
				CLANG_WARN__DUPLICATE_METHOD_MATCH = YES;
				COPY_PHASE_STRIP = NO;
				DEBUG_INFORMATION_FORMAT = "dwarf-with-dsym";
				ENABLE_NS_ASSERTIONS = NO;
				ENABLE_STRICT_OBJC_MSGSEND = YES;
				GCC_C_LANGUAGE_STANDARD = gnu11;
				GCC_NO_COMMON_BLOCKS = YES;
				GCC_WARN_64_TO_32_BIT_CONVERSION = YES;
				GCC_WARN_ABOUT_RETURN_TYPE = YES_ERROR;
				GCC_WARN_UNDECLARED_SELECTOR = YES;
				GCC_WARN_UNINITIALIZED_AUTOS = YES_AGGRESSIVE;
				GCC_WARN_UNUSED_FUNCTION = YES;
				GCC_WARN_UNUSED_VARIABLE = YES;
				IPHONEOS_DEPLOYMENT_TARGET = 16.4;
				MTL_ENABLE_DEBUG_INFO = NO;
				MTL_FAST_MATH = YES;
				SDKROOT = iphoneos;
				SWIFT_COMPILATION_MODE = wholemodule;
				SWIFT_OPTIMIZATION_LEVEL = "-O";
				VALIDATE_PRODUCT = YES;
			};
			name = Release;
		};
		95ADEC062AD3CFCD001608C0 /* Debug */ = {
			isa = XCBuildConfiguration;
			baseConfigurationReference = 4F3688B9C71F53A4BB7CEC4F /* Pods-LittlePink.debug.xcconfig */;
			buildSettings = {
				ASSETCATALOG_COMPILER_APPICON_NAME = AppIcon;
				ASSETCATALOG_COMPILER_GLOBAL_ACCENT_COLOR_NAME = AccentColor;
				CODE_SIGN_STYLE = Automatic;
				CURRENT_PROJECT_VERSION = 1;
				DEVELOPMENT_TEAM = 8JYSGA63M6;
				GENERATE_INFOPLIST_FILE = YES;
				INFOPLIST_FILE = LittlePink/Info.plist;
				INFOPLIST_KEY_CFBundleDisplayName = "小粉书";
				INFOPLIST_KEY_UIApplicationSupportsIndirectInputEvents = YES;
				INFOPLIST_KEY_UILaunchStoryboardName = LaunchScreen;
				INFOPLIST_KEY_UIMainStoryboardFile = Main;
				INFOPLIST_KEY_UIStatusBarStyle = "";
				INFOPLIST_KEY_UISupportedInterfaceOrientations = UIInterfaceOrientationPortrait;
				INFOPLIST_KEY_UISupportedInterfaceOrientations_iPad = "UIInterfaceOrientationLandscapeLeft UIInterfaceOrientationLandscapeRight UIInterfaceOrientationPortrait UIInterfaceOrientationPortraitUpsideDown";
				LD_RUNPATH_SEARCH_PATHS = (
					"$(inherited)",
					"@executable_path/Frameworks",
				);
				MARKETING_VERSION = 1.0;
				PRODUCT_BUNDLE_IDENTIFIER = com.weizhao.LittlePink;
				PRODUCT_NAME = "$(TARGET_NAME)";
				SUPPORTED_PLATFORMS = "iphoneos iphonesimulator";
				SUPPORTS_MACCATALYST = NO;
				SUPPORTS_MAC_DESIGNED_FOR_IPHONE_IPAD = NO;
				SWIFT_EMIT_LOC_STRINGS = YES;
				SWIFT_VERSION = 5.0;
				TARGETED_DEVICE_FAMILY = 1;
			};
			name = Debug;
		};
		95ADEC072AD3CFCD001608C0 /* Release */ = {
			isa = XCBuildConfiguration;
			baseConfigurationReference = 7574E0DA3418B62C6E480C26 /* Pods-LittlePink.release.xcconfig */;
			buildSettings = {
				ASSETCATALOG_COMPILER_APPICON_NAME = AppIcon;
				ASSETCATALOG_COMPILER_GLOBAL_ACCENT_COLOR_NAME = AccentColor;
				CODE_SIGN_STYLE = Automatic;
				CURRENT_PROJECT_VERSION = 1;
				DEVELOPMENT_TEAM = 8JYSGA63M6;
				GENERATE_INFOPLIST_FILE = YES;
				INFOPLIST_FILE = LittlePink/Info.plist;
				INFOPLIST_KEY_CFBundleDisplayName = "小粉书";
				INFOPLIST_KEY_UIApplicationSupportsIndirectInputEvents = YES;
				INFOPLIST_KEY_UILaunchStoryboardName = LaunchScreen;
				INFOPLIST_KEY_UIMainStoryboardFile = Main;
				INFOPLIST_KEY_UIStatusBarStyle = "";
				INFOPLIST_KEY_UISupportedInterfaceOrientations = UIInterfaceOrientationPortrait;
				INFOPLIST_KEY_UISupportedInterfaceOrientations_iPad = "UIInterfaceOrientationLandscapeLeft UIInterfaceOrientationLandscapeRight UIInterfaceOrientationPortrait UIInterfaceOrientationPortraitUpsideDown";
				LD_RUNPATH_SEARCH_PATHS = (
					"$(inherited)",
					"@executable_path/Frameworks",
				);
				MARKETING_VERSION = 1.0;
				PRODUCT_BUNDLE_IDENTIFIER = com.weizhao.LittlePink;
				PRODUCT_NAME = "$(TARGET_NAME)";
				SUPPORTED_PLATFORMS = "iphoneos iphonesimulator";
				SUPPORTS_MACCATALYST = NO;
				SUPPORTS_MAC_DESIGNED_FOR_IPHONE_IPAD = NO;
				SWIFT_EMIT_LOC_STRINGS = YES;
				SWIFT_VERSION = 5.0;
				TARGETED_DEVICE_FAMILY = 1;
			};
			name = Release;
		};
/* End XCBuildConfiguration section */

/* Begin XCConfigurationList section */
		95ADEBE92AD3CFCC001608C0 /* Build configuration list for PBXProject "LittlePink" */ = {
			isa = XCConfigurationList;
			buildConfigurations = (
				95ADEC032AD3CFCD001608C0 /* Debug */,
				95ADEC042AD3CFCD001608C0 /* Release */,
			);
			defaultConfigurationIsVisible = 0;
			defaultConfigurationName = Release;
		};
		95ADEC052AD3CFCD001608C0 /* Build configuration list for PBXNativeTarget "LittlePink" */ = {
			isa = XCConfigurationList;
			buildConfigurations = (
				95ADEC062AD3CFCD001608C0 /* Debug */,
				95ADEC072AD3CFCD001608C0 /* Release */,
			);
			defaultConfigurationIsVisible = 0;
			defaultConfigurationName = Release;
		};
/* End XCConfigurationList section */

/* Begin XCVersionGroup section */
		95ADEBFA2AD3CFCC001608C0 /* LittlePink.xcdatamodeld */ = {
			isa = XCVersionGroup;
			children = (
				95ADEBFB2AD3CFCC001608C0 /* LittlePink.xcdatamodel */,
			);
			currentVersion = 95ADEBFB2AD3CFCC001608C0 /* LittlePink.xcdatamodel */;
			path = LittlePink.xcdatamodeld;
			sourceTree = "<group>";
			versionGroupType = wrapper.xcdatamodel;
		};
/* End XCVersionGroup section */
	};
	rootObject = 95ADEBE62AD3CFCC001608C0 /* Project object */;
}
